// !$*UTF8*$!
{
	archiveVersion = 1;
	classes = {
	};
	objectVersion = 46;
	objects = {

/* Begin PBXBuildFile section */
		F47676411DBF539700AB4D79 /* main.m in Sources */ = {isa = PBXBuildFile; fileRef = F47676401DBF539700AB4D79 /* main.m */; };
		F47676441DBF539700AB4D79 /* AppDelegate.m in Sources */ = {isa = PBXBuildFile; fileRef = F47676431DBF539700AB4D79 /* AppDelegate.m */; };
		F47676471DBF539700AB4D79 /* ViewController.m in Sources */ = {isa = PBXBuildFile; fileRef = F47676461DBF539700AB4D79 /* ViewController.m */; };
		F476764A1DBF539700AB4D79 /* Main.storyboard in Resources */ = {isa = PBXBuildFile; fileRef = F47676481DBF539700AB4D79 /* Main.storyboard */; };
		F476764C1DBF539700AB4D79 /* Assets.xcassets in Resources */ = {isa = PBXBuildFile; fileRef = F476764B1DBF539700AB4D79 /* Assets.xcassets */; };
		F476764F1DBF539700AB4D79 /* LaunchScreen.storyboard in Resources */ = {isa = PBXBuildFile; fileRef = F476764D1DBF539700AB4D79 /* LaunchScreen.storyboard */; };
		F47676BF1DBF54A300AB4D79 /* AlipaySDK.bundle in Resources */ = {isa = PBXBuildFile; fileRef = F47676581DBF54A300AB4D79 /* AlipaySDK.bundle */; };
		F47676C01DBF54A300AB4D79 /* AlipaySDK.framework in Frameworks */ = {isa = PBXBuildFile; fileRef = F47676591DBF54A300AB4D79 /* AlipaySDK.framework */; };
		F47676C11DBF54A300AB4D79 /* libcrypto.a in Frameworks */ = {isa = PBXBuildFile; fileRef = F476765A1DBF54A300AB4D79 /* libcrypto.a */; };
		F47676C21DBF54A300AB4D79 /* libssl.a in Frameworks */ = {isa = PBXBuildFile; fileRef = F476765B1DBF54A300AB4D79 /* libssl.a */; };
		F47676C31DBF54A300AB4D79 /* Base64.m in Sources */ = {isa = PBXBuildFile; fileRef = F47676AA1DBF54A300AB4D79 /* Base64.m */; settings = {COMPILER_FLAGS = "-fno-objc-arc"; }; };
		F47676C41DBF54A300AB4D79 /* DataSigner.m in Sources */ = {isa = PBXBuildFile; fileRef = F47676AE1DBF54A300AB4D79 /* DataSigner.m */; };
		F47676C51DBF54A300AB4D79 /* DataVerifier.m in Sources */ = {isa = PBXBuildFile; fileRef = F47676B01DBF54A300AB4D79 /* DataVerifier.m */; };
		F47676C61DBF54A300AB4D79 /* MD5DataSigner.m in Sources */ = {isa = PBXBuildFile; fileRef = F47676B21DBF54A300AB4D79 /* MD5DataSigner.m */; };
		F47676C71DBF54A300AB4D79 /* NSDataEx.m in Sources */ = {isa = PBXBuildFile; fileRef = F47676B41DBF54A300AB4D79 /* NSDataEx.m */; };
		F47676C81DBF54A400AB4D79 /* openssl_wrapper.m in Sources */ = {isa = PBXBuildFile; fileRef = F47676B61DBF54A300AB4D79 /* openssl_wrapper.m */; };
		F47676C91DBF54A400AB4D79 /* RSADataSigner.m in Sources */ = {isa = PBXBuildFile; fileRef = F47676B81DBF54A300AB4D79 /* RSADataSigner.m */; };
		F47676CA1DBF54A400AB4D79 /* RSADataVerifier.m in Sources */ = {isa = PBXBuildFile; fileRef = F47676BA1DBF54A300AB4D79 /* RSADataVerifier.m */; };
		F47676CB1DBF54A400AB4D79 /* libWeChatSDK.a in Frameworks */ = {isa = PBXBuildFile; fileRef = F47676BC1DBF54A300AB4D79 /* libWeChatSDK.a */; };
		F47676CE1DBF54E300AB4D79 /* Order.m in Sources */ = {isa = PBXBuildFile; fileRef = F47676CD1DBF54E300AB4D79 /* Order.m */; };
		F47676D31DBF55C500AB4D79 /* CoreText.framework in Frameworks */ = {isa = PBXBuildFile; fileRef = F47676D21DBF55C500AB4D79 /* CoreText.framework */; };
		F47676D51DBF55CA00AB4D79 /* CoreTelephony.framework in Frameworks */ = {isa = PBXBuildFile; fileRef = F47676D41DBF55CA00AB4D79 /* CoreTelephony.framework */; };
		F47676D71DBF55D100AB4D79 /* CoreMotion.framework in Frameworks */ = {isa = PBXBuildFile; fileRef = F47676D61DBF55D100AB4D79 /* CoreMotion.framework */; };
		F47676D91DBF55D600AB4D79 /* SystemConfiguration.framework in Frameworks */ = {isa = PBXBuildFile; fileRef = F47676D81DBF55D600AB4D79 /* SystemConfiguration.framework */; };
		F47676DB1DBF55DF00AB4D79 /* libc++.tbd in Frameworks */ = {isa = PBXBuildFile; fileRef = F47676DA1DBF55DF00AB4D79 /* libc++.tbd */; };
		F47676DD1DBF55EC00AB4D79 /* libz.tbd in Frameworks */ = {isa = PBXBuildFile; fileRef = F47676DC1DBF55EC00AB4D79 /* libz.tbd */; };
		F47676DF1DBF560200AB4D79 /* CFNetwork.framework in Frameworks */ = {isa = PBXBuildFile; fileRef = F47676DE1DBF560200AB4D79 /* CFNetwork.framework */; };
		F47676E31DBF561500AB4D79 /* Foundation.framework in Frameworks */ = {isa = PBXBuildFile; fileRef = F47676E21DBF561500AB4D79 /* Foundation.framework */; };
		F47676F31DBF5AA300AB4D79 /* libsqlite3.tbd in Frameworks */ = {isa = PBXBuildFile; fileRef = F47676F21DBF5AA300AB4D79 /* libsqlite3.tbd */; };
/* End PBXBuildFile section */

/* Begin PBXFileReference section */
		F476763C1DBF539700AB4D79 /* iii.app */ = {isa = PBXFileReference; explicitFileType = wrapper.application; includeInIndex = 0; path = iii.app; sourceTree = BUILT_PRODUCTS_DIR; };
		F47676401DBF539700AB4D79 /* main.m */ = {isa = PBXFileReference; lastKnownFileType = sourcecode.c.objc; path = main.m; sourceTree = "<group>"; };
		F47676421DBF539700AB4D79 /* AppDelegate.h */ = {isa = PBXFileReference; lastKnownFileType = sourcecode.c.h; path = AppDelegate.h; sourceTree = "<group>"; };
		F47676431DBF539700AB4D79 /* AppDelegate.m */ = {isa = PBXFileReference; lastKnownFileType = sourcecode.c.objc; path = AppDelegate.m; sourceTree = "<group>"; };
		F47676451DBF539700AB4D79 /* ViewController.h */ = {isa = PBXFileReference; lastKnownFileType = sourcecode.c.h; path = ViewController.h; sourceTree = "<group>"; };
		F47676461DBF539700AB4D79 /* ViewController.m */ = {isa = PBXFileReference; lastKnownFileType = sourcecode.c.objc; path = ViewController.m; sourceTree = "<group>"; };
		F47676491DBF539700AB4D79 /* Base */ = {isa = PBXFileReference; lastKnownFileType = file.storyboard; name = Base; path = Base.lproj/Main.storyboard; sourceTree = "<group>"; };
		F476764B1DBF539700AB4D79 /* Assets.xcassets */ = {isa = PBXFileReference; lastKnownFileType = folder.assetcatalog; path = Assets.xcassets; sourceTree = "<group>"; };
		F476764E1DBF539700AB4D79 /* Base */ = {isa = PBXFileReference; lastKnownFileType = file.storyboard; name = Base; path = Base.lproj/LaunchScreen.storyboard; sourceTree = "<group>"; };
		F47676501DBF539700AB4D79 /* Info.plist */ = {isa = PBXFileReference; lastKnownFileType = text.plist.xml; path = Info.plist; sourceTree = "<group>"; };
		F47676561DBF53FF00AB4D79 /* iii-Prefix.pch */ = {isa = PBXFileReference; lastKnownFileType = sourcecode.c.h; path = "iii-Prefix.pch"; sourceTree = "<group>"; };
		F47676581DBF54A300AB4D79 /* AlipaySDK.bundle */ = {isa = PBXFileReference; lastKnownFileType = "wrapper.plug-in"; path = AlipaySDK.bundle; sourceTree = "<group>"; };
		F47676591DBF54A300AB4D79 /* AlipaySDK.framework */ = {isa = PBXFileReference; lastKnownFileType = wrapper.framework; path = AlipaySDK.framework; sourceTree = "<group>"; };
		F476765A1DBF54A300AB4D79 /* libcrypto.a */ = {isa = PBXFileReference; lastKnownFileType = archive.ar; path = libcrypto.a; sourceTree = "<group>"; };
		F476765B1DBF54A300AB4D79 /* libssl.a */ = {isa = PBXFileReference; lastKnownFileType = archive.ar; path = libssl.a; sourceTree = "<group>"; };
		F476765D1DBF54A300AB4D79 /* aes.h */ = {isa = PBXFileReference; fileEncoding = 4; lastKnownFileType = sourcecode.c.h; path = aes.h; sourceTree = "<group>"; };
		F476765E1DBF54A300AB4D79 /* asn1.h */ = {isa = PBXFileReference; fileEncoding = 4; lastKnownFileType = sourcecode.c.h; path = asn1.h; sourceTree = "<group>"; };
		F476765F1DBF54A300AB4D79 /* asn1_mac.h */ = {isa = PBXFileReference; fileEncoding = 4; lastKnownFileType = sourcecode.c.h; path = asn1_mac.h; sourceTree = "<group>"; };
		F47676601DBF54A300AB4D79 /* asn1t.h */ = {isa = PBXFileReference; fileEncoding = 4; lastKnownFileType = sourcecode.c.h; path = asn1t.h; sourceTree = "<group>"; };
		F47676611DBF54A300AB4D79 /* bio.h */ = {isa = PBXFileReference; fileEncoding = 4; lastKnownFileType = sourcecode.c.h; path = bio.h; sourceTree = "<group>"; };
		F47676621DBF54A300AB4D79 /* blowfish.h */ = {isa = PBXFileReference; fileEncoding = 4; lastKnownFileType = sourcecode.c.h; path = blowfish.h; sourceTree = "<group>"; };
		F47676631DBF54A300AB4D79 /* bn.h */ = {isa = PBXFileReference; fileEncoding = 4; lastKnownFileType = sourcecode.c.h; path = bn.h; sourceTree = "<group>"; };
		F47676641DBF54A300AB4D79 /* buffer.h */ = {isa = PBXFileReference; fileEncoding = 4; lastKnownFileType = sourcecode.c.h; path = buffer.h; sourceTree = "<group>"; };
		F47676651DBF54A300AB4D79 /* camellia.h */ = {isa = PBXFileReference; fileEncoding = 4; lastKnownFileType = sourcecode.c.h; path = camellia.h; sourceTree = "<group>"; };
		F47676661DBF54A300AB4D79 /* cast.h */ = {isa = PBXFileReference; fileEncoding = 4; lastKnownFileType = sourcecode.c.h; path = cast.h; sourceTree = "<group>"; };
		F47676671DBF54A300AB4D79 /* cmac.h */ = {isa = PBXFileReference; fileEncoding = 4; lastKnownFileType = sourcecode.c.h; path = cmac.h; sourceTree = "<group>"; };
		F47676681DBF54A300AB4D79 /* cms.h */ = {isa = PBXFileReference; fileEncoding = 4; lastKnownFileType = sourcecode.c.h; path = cms.h; sourceTree = "<group>"; };
		F47676691DBF54A300AB4D79 /* comp.h */ = {isa = PBXFileReference; fileEncoding = 4; lastKnownFileType = sourcecode.c.h; path = comp.h; sourceTree = "<group>"; };
		F476766A1DBF54A300AB4D79 /* conf.h */ = {isa = PBXFileReference; fileEncoding = 4; lastKnownFileType = sourcecode.c.h; path = conf.h; sourceTree = "<group>"; };
		F476766B1DBF54A300AB4D79 /* conf_api.h */ = {isa = PBXFileReference; fileEncoding = 4; lastKnownFileType = sourcecode.c.h; path = conf_api.h; sourceTree = "<group>"; };
		F476766C1DBF54A300AB4D79 /* crypto.h */ = {isa = PBXFileReference; fileEncoding = 4; lastKnownFileType = sourcecode.c.h; path = crypto.h; sourceTree = "<group>"; };
		F476766D1DBF54A300AB4D79 /* des.h */ = {isa = PBXFileReference; fileEncoding = 4; lastKnownFileType = sourcecode.c.h; path = des.h; sourceTree = "<group>"; };
		F476766E1DBF54A300AB4D79 /* des_old.h */ = {isa = PBXFileReference; fileEncoding = 4; lastKnownFileType = sourcecode.c.h; path = des_old.h; sourceTree = "<group>"; };
		F476766F1DBF54A300AB4D79 /* dh.h */ = {isa = PBXFileReference; fileEncoding = 4; lastKnownFileType = sourcecode.c.h; path = dh.h; sourceTree = "<group>"; };
		F47676701DBF54A300AB4D79 /* dsa.h */ = {isa = PBXFileReference; fileEncoding = 4; lastKnownFileType = sourcecode.c.h; path = dsa.h; sourceTree = "<group>"; };
		F47676711DBF54A300AB4D79 /* dso.h */ = {isa = PBXFileReference; fileEncoding = 4; lastKnownFileType = sourcecode.c.h; path = dso.h; sourceTree = "<group>"; };
		F47676721DBF54A300AB4D79 /* dtls1.h */ = {isa = PBXFileReference; fileEncoding = 4; lastKnownFileType = sourcecode.c.h; path = dtls1.h; sourceTree = "<group>"; };
		F47676731DBF54A300AB4D79 /* e_os2.h */ = {isa = PBXFileReference; fileEncoding = 4; lastKnownFileType = sourcecode.c.h; path = e_os2.h; sourceTree = "<group>"; };
		F47676741DBF54A300AB4D79 /* ebcdic.h */ = {isa = PBXFileReference; fileEncoding = 4; lastKnownFileType = sourcecode.c.h; path = ebcdic.h; sourceTree = "<group>"; };
		F47676751DBF54A300AB4D79 /* ec.h */ = {isa = PBXFileReference; fileEncoding = 4; lastKnownFileType = sourcecode.c.h; path = ec.h; sourceTree = "<group>"; };
		F47676761DBF54A300AB4D79 /* ecdh.h */ = {isa = PBXFileReference; fileEncoding = 4; lastKnownFileType = sourcecode.c.h; path = ecdh.h; sourceTree = "<group>"; };
		F47676771DBF54A300AB4D79 /* ecdsa.h */ = {isa = PBXFileReference; fileEncoding = 4; lastKnownFileType = sourcecode.c.h; path = ecdsa.h; sourceTree = "<group>"; };
		F47676781DBF54A300AB4D79 /* engine.h */ = {isa = PBXFileReference; fileEncoding = 4; lastKnownFileType = sourcecode.c.h; path = engine.h; sourceTree = "<group>"; };
		F47676791DBF54A300AB4D79 /* err.h */ = {isa = PBXFileReference; fileEncoding = 4; lastKnownFileType = sourcecode.c.h; path = err.h; sourceTree = "<group>"; };
		F476767A1DBF54A300AB4D79 /* evp.h */ = {isa = PBXFileReference; fileEncoding = 4; lastKnownFileType = sourcecode.c.h; path = evp.h; sourceTree = "<group>"; };
		F476767B1DBF54A300AB4D79 /* hmac.h */ = {isa = PBXFileReference; fileEncoding = 4; lastKnownFileType = sourcecode.c.h; path = hmac.h; sourceTree = "<group>"; };
		F476767C1DBF54A300AB4D79 /* idea.h */ = {isa = PBXFileReference; fileEncoding = 4; lastKnownFileType = sourcecode.c.h; path = idea.h; sourceTree = "<group>"; };
		F476767D1DBF54A300AB4D79 /* krb5_asn.h */ = {isa = PBXFileReference; fileEncoding = 4; lastKnownFileType = sourcecode.c.h; path = krb5_asn.h; sourceTree = "<group>"; };
		F476767E1DBF54A300AB4D79 /* kssl.h */ = {isa = PBXFileReference; fileEncoding = 4; lastKnownFileType = sourcecode.c.h; path = kssl.h; sourceTree = "<group>"; };
		F476767F1DBF54A300AB4D79 /* lhash.h */ = {isa = PBXFileReference; fileEncoding = 4; lastKnownFileType = sourcecode.c.h; path = lhash.h; sourceTree = "<group>"; };
		F47676801DBF54A300AB4D79 /* md4.h */ = {isa = PBXFileReference; fileEncoding = 4; lastKnownFileType = sourcecode.c.h; path = md4.h; sourceTree = "<group>"; };
		F47676811DBF54A300AB4D79 /* md5.h */ = {isa = PBXFileReference; fileEncoding = 4; lastKnownFileType = sourcecode.c.h; path = md5.h; sourceTree = "<group>"; };
		F47676821DBF54A300AB4D79 /* mdc2.h */ = {isa = PBXFileReference; fileEncoding = 4; lastKnownFileType = sourcecode.c.h; path = mdc2.h; sourceTree = "<group>"; };
		F47676831DBF54A300AB4D79 /* modes.h */ = {isa = PBXFileReference; fileEncoding = 4; lastKnownFileType = sourcecode.c.h; path = modes.h; sourceTree = "<group>"; };
		F47676841DBF54A300AB4D79 /* obj_mac.h */ = {isa = PBXFileReference; fileEncoding = 4; lastKnownFileType = sourcecode.c.h; path = obj_mac.h; sourceTree = "<group>"; };
		F47676851DBF54A300AB4D79 /* objects.h */ = {isa = PBXFileReference; fileEncoding = 4; lastKnownFileType = sourcecode.c.h; path = objects.h; sourceTree = "<group>"; };
		F47676861DBF54A300AB4D79 /* ocsp.h */ = {isa = PBXFileReference; fileEncoding = 4; lastKnownFileType = sourcecode.c.h; path = ocsp.h; sourceTree = "<group>"; };
		F47676871DBF54A300AB4D79 /* opensslconf.h */ = {isa = PBXFileReference; fileEncoding = 4; lastKnownFileType = sourcecode.c.h; path = opensslconf.h; sourceTree = "<group>"; };
		F47676881DBF54A300AB4D79 /* opensslv.h */ = {isa = PBXFileReference; fileEncoding = 4; lastKnownFileType = sourcecode.c.h; path = opensslv.h; sourceTree = "<group>"; };
		F47676891DBF54A300AB4D79 /* ossl_typ.h */ = {isa = PBXFileReference; fileEncoding = 4; lastKnownFileType = sourcecode.c.h; path = ossl_typ.h; sourceTree = "<group>"; };
		F476768A1DBF54A300AB4D79 /* pem.h */ = {isa = PBXFileReference; fileEncoding = 4; lastKnownFileType = sourcecode.c.h; path = pem.h; sourceTree = "<group>"; };
		F476768B1DBF54A300AB4D79 /* pem2.h */ = {isa = PBXFileReference; fileEncoding = 4; lastKnownFileType = sourcecode.c.h; path = pem2.h; sourceTree = "<group>"; };
		F476768C1DBF54A300AB4D79 /* pkcs12.h */ = {isa = PBXFileReference; fileEncoding = 4; lastKnownFileType = sourcecode.c.h; path = pkcs12.h; sourceTree = "<group>"; };
		F476768D1DBF54A300AB4D79 /* pkcs7.h */ = {isa = PBXFileReference; fileEncoding = 4; lastKnownFileType = sourcecode.c.h; path = pkcs7.h; sourceTree = "<group>"; };
		F476768E1DBF54A300AB4D79 /* pqueue.h */ = {isa = PBXFileReference; fileEncoding = 4; lastKnownFileType = sourcecode.c.h; path = pqueue.h; sourceTree = "<group>"; };
		F476768F1DBF54A300AB4D79 /* rand.h */ = {isa = PBXFileReference; fileEncoding = 4; lastKnownFileType = sourcecode.c.h; path = rand.h; sourceTree = "<group>"; };
		F47676901DBF54A300AB4D79 /* rc2.h */ = {isa = PBXFileReference; fileEncoding = 4; lastKnownFileType = sourcecode.c.h; path = rc2.h; sourceTree = "<group>"; };
		F47676911DBF54A300AB4D79 /* rc4.h */ = {isa = PBXFileReference; fileEncoding = 4; lastKnownFileType = sourcecode.c.h; path = rc4.h; sourceTree = "<group>"; };
		F47676921DBF54A300AB4D79 /* ripemd.h */ = {isa = PBXFileReference; fileEncoding = 4; lastKnownFileType = sourcecode.c.h; path = ripemd.h; sourceTree = "<group>"; };
		F47676931DBF54A300AB4D79 /* rsa.h */ = {isa = PBXFileReference; fileEncoding = 4; lastKnownFileType = sourcecode.c.h; path = rsa.h; sourceTree = "<group>"; };
		F47676941DBF54A300AB4D79 /* safestack.h */ = {isa = PBXFileReference; fileEncoding = 4; lastKnownFileType = sourcecode.c.h; path = safestack.h; sourceTree = "<group>"; };
		F47676951DBF54A300AB4D79 /* seed.h */ = {isa = PBXFileReference; fileEncoding = 4; lastKnownFileType = sourcecode.c.h; path = seed.h; sourceTree = "<group>"; };
		F47676961DBF54A300AB4D79 /* sha.h */ = {isa = PBXFileReference; fileEncoding = 4; lastKnownFileType = sourcecode.c.h; path = sha.h; sourceTree = "<group>"; };
		F47676971DBF54A300AB4D79 /* srp.h */ = {isa = PBXFileReference; fileEncoding = 4; lastKnownFileType = sourcecode.c.h; path = srp.h; sourceTree = "<group>"; };
		F47676981DBF54A300AB4D79 /* srtp.h */ = {isa = PBXFileReference; fileEncoding = 4; lastKnownFileType = sourcecode.c.h; path = srtp.h; sourceTree = "<group>"; };
		F47676991DBF54A300AB4D79 /* ssl.h */ = {isa = PBXFileReference; fileEncoding = 4; lastKnownFileType = sourcecode.c.h; path = ssl.h; sourceTree = "<group>"; };
		F476769A1DBF54A300AB4D79 /* ssl2.h */ = {isa = PBXFileReference; fileEncoding = 4; lastKnownFileType = sourcecode.c.h; path = ssl2.h; sourceTree = "<group>"; };
		F476769B1DBF54A300AB4D79 /* ssl23.h */ = {isa = PBXFileReference; fileEncoding = 4; lastKnownFileType = sourcecode.c.h; path = ssl23.h; sourceTree = "<group>"; };
		F476769C1DBF54A300AB4D79 /* ssl3.h */ = {isa = PBXFileReference; fileEncoding = 4; lastKnownFileType = sourcecode.c.h; path = ssl3.h; sourceTree = "<group>"; };
		F476769D1DBF54A300AB4D79 /* stack.h */ = {isa = PBXFileReference; fileEncoding = 4; lastKnownFileType = sourcecode.c.h; path = stack.h; sourceTree = "<group>"; };
		F476769E1DBF54A300AB4D79 /* symhacks.h */ = {isa = PBXFileReference; fileEncoding = 4; lastKnownFileType = sourcecode.c.h; path = symhacks.h; sourceTree = "<group>"; };
		F476769F1DBF54A300AB4D79 /* tls1.h */ = {isa = PBXFileReference; fileEncoding = 4; lastKnownFileType = sourcecode.c.h; path = tls1.h; sourceTree = "<group>"; };
		F47676A01DBF54A300AB4D79 /* ts.h */ = {isa = PBXFileReference; fileEncoding = 4; lastKnownFileType = sourcecode.c.h; path = ts.h; sourceTree = "<group>"; };
		F47676A11DBF54A300AB4D79 /* txt_db.h */ = {isa = PBXFileReference; fileEncoding = 4; lastKnownFileType = sourcecode.c.h; path = txt_db.h; sourceTree = "<group>"; };
		F47676A21DBF54A300AB4D79 /* ui.h */ = {isa = PBXFileReference; fileEncoding = 4; lastKnownFileType = sourcecode.c.h; path = ui.h; sourceTree = "<group>"; };
		F47676A31DBF54A300AB4D79 /* ui_compat.h */ = {isa = PBXFileReference; fileEncoding = 4; lastKnownFileType = sourcecode.c.h; path = ui_compat.h; sourceTree = "<group>"; };
		F47676A41DBF54A300AB4D79 /* whrlpool.h */ = {isa = PBXFileReference; fileEncoding = 4; lastKnownFileType = sourcecode.c.h; path = whrlpool.h; sourceTree = "<group>"; };
		F47676A51DBF54A300AB4D79 /* x509.h */ = {isa = PBXFileReference; fileEncoding = 4; lastKnownFileType = sourcecode.c.h; path = x509.h; sourceTree = "<group>"; };
		F47676A61DBF54A300AB4D79 /* x509_vfy.h */ = {isa = PBXFileReference; fileEncoding = 4; lastKnownFileType = sourcecode.c.h; path = x509_vfy.h; sourceTree = "<group>"; };
		F47676A71DBF54A300AB4D79 /* x509v3.h */ = {isa = PBXFileReference; fileEncoding = 4; lastKnownFileType = sourcecode.c.h; path = x509v3.h; sourceTree = "<group>"; };
		F47676A91DBF54A300AB4D79 /* Base64.h */ = {isa = PBXFileReference; fileEncoding = 4; lastKnownFileType = sourcecode.c.h; path = Base64.h; sourceTree = "<group>"; };
		F47676AA1DBF54A300AB4D79 /* Base64.m */ = {isa = PBXFileReference; fileEncoding = 4; lastKnownFileType = sourcecode.c.objc; path = Base64.m; sourceTree = "<group>"; };
		F47676AB1DBF54A300AB4D79 /* Base64Defines.h */ = {isa = PBXFileReference; fileEncoding = 4; lastKnownFileType = sourcecode.c.h; path = Base64Defines.h; sourceTree = "<group>"; };
		F47676AC1DBF54A300AB4D79 /* config.h */ = {isa = PBXFileReference; fileEncoding = 4; lastKnownFileType = sourcecode.c.h; path = config.h; sourceTree = "<group>"; };
		F47676AD1DBF54A300AB4D79 /* DataSigner.h */ = {isa = PBXFileReference; fileEncoding = 4; lastKnownFileType = sourcecode.c.h; path = DataSigner.h; sourceTree = "<group>"; };
		F47676AE1DBF54A300AB4D79 /* DataSigner.m */ = {isa = PBXFileReference; fileEncoding = 4; lastKnownFileType = sourcecode.c.objc; path = DataSigner.m; sourceTree = "<group>"; };
		F47676AF1DBF54A300AB4D79 /* DataVerifier.h */ = {isa = PBXFileReference; fileEncoding = 4; lastKnownFileType = sourcecode.c.h; path = DataVerifier.h; sourceTree = "<group>"; };
		F47676B01DBF54A300AB4D79 /* DataVerifier.m */ = {isa = PBXFileReference; fileEncoding = 4; lastKnownFileType = sourcecode.c.objc; path = DataVerifier.m; sourceTree = "<group>"; };
		F47676B11DBF54A300AB4D79 /* MD5DataSigner.h */ = {isa = PBXFileReference; fileEncoding = 4; lastKnownFileType = sourcecode.c.h; path = MD5DataSigner.h; sourceTree = "<group>"; };
		F47676B21DBF54A300AB4D79 /* MD5DataSigner.m */ = {isa = PBXFileReference; fileEncoding = 4; lastKnownFileType = sourcecode.c.objc; path = MD5DataSigner.m; sourceTree = "<group>"; };
		F47676B31DBF54A300AB4D79 /* NSDataEx.h */ = {isa = PBXFileReference; fileEncoding = 4; lastKnownFileType = sourcecode.c.h; path = NSDataEx.h; sourceTree = "<group>"; };
		F47676B41DBF54A300AB4D79 /* NSDataEx.m */ = {isa = PBXFileReference; fileEncoding = 4; lastKnownFileType = sourcecode.c.objc; path = NSDataEx.m; sourceTree = "<group>"; };
		F47676B51DBF54A300AB4D79 /* openssl_wrapper.h */ = {isa = PBXFileReference; fileEncoding = 4; lastKnownFileType = sourcecode.c.h; path = openssl_wrapper.h; sourceTree = "<group>"; };
		F47676B61DBF54A300AB4D79 /* openssl_wrapper.m */ = {isa = PBXFileReference; fileEncoding = 4; lastKnownFileType = sourcecode.c.objc; path = openssl_wrapper.m; sourceTree = "<group>"; };
		F47676B71DBF54A300AB4D79 /* RSADataSigner.h */ = {isa = PBXFileReference; fileEncoding = 4; lastKnownFileType = sourcecode.c.h; path = RSADataSigner.h; sourceTree = "<group>"; };
		F47676B81DBF54A300AB4D79 /* RSADataSigner.m */ = {isa = PBXFileReference; fileEncoding = 4; lastKnownFileType = sourcecode.c.objc; path = RSADataSigner.m; sourceTree = "<group>"; };
		F47676B91DBF54A300AB4D79 /* RSADataVerifier.h */ = {isa = PBXFileReference; fileEncoding = 4; lastKnownFileType = sourcecode.c.h; path = RSADataVerifier.h; sourceTree = "<group>"; };
		F47676BA1DBF54A300AB4D79 /* RSADataVerifier.m */ = {isa = PBXFileReference; fileEncoding = 4; lastKnownFileType = sourcecode.c.objc; path = RSADataVerifier.m; sourceTree = "<group>"; };
		F47676BC1DBF54A300AB4D79 /* libWeChatSDK.a */ = {isa = PBXFileReference; lastKnownFileType = archive.ar; path = libWeChatSDK.a; sourceTree = "<group>"; };
		F47676BD1DBF54A300AB4D79 /* WXApi.h */ = {isa = PBXFileReference; fileEncoding = 4; lastKnownFileType = sourcecode.c.h; path = WXApi.h; sourceTree = "<group>"; };
		F47676BE1DBF54A300AB4D79 /* WXApiObject.h */ = {isa = PBXFileReference; fileEncoding = 4; lastKnownFileType = sourcecode.c.h; path = WXApiObject.h; sourceTree = "<group>"; };
		F47676CC1DBF54E300AB4D79 /* Order.h */ = {isa = PBXFileReference; fileEncoding = 4; lastKnownFileType = sourcecode.c.h; path = Order.h; sourceTree = "<group>"; };
		F47676CD1DBF54E300AB4D79 /* Order.m */ = {isa = PBXFileReference; fileEncoding = 4; lastKnownFileType = sourcecode.c.objc; path = Order.m; sourceTree = "<group>"; };
		F47676D01DBF55BE00AB4D79 /* QuartzCore.framework */ = {isa = PBXFileReference; lastKnownFileType = wrapper.framework; name = QuartzCore.framework; path = System/Library/Frameworks/QuartzCore.framework; sourceTree = SDKROOT; };
		F47676D21DBF55C500AB4D79 /* CoreText.framework */ = {isa = PBXFileReference; lastKnownFileType = wrapper.framework; name = CoreText.framework; path = System/Library/Frameworks/CoreText.framework; sourceTree = SDKROOT; };
		F47676D41DBF55CA00AB4D79 /* CoreTelephony.framework */ = {isa = PBXFileReference; lastKnownFileType = wrapper.framework; name = CoreTelephony.framework; path = System/Library/Frameworks/CoreTelephony.framework; sourceTree = SDKROOT; };
		F47676D61DBF55D100AB4D79 /* CoreMotion.framework */ = {isa = PBXFileReference; lastKnownFileType = wrapper.framework; name = CoreMotion.framework; path = System/Library/Frameworks/CoreMotion.framework; sourceTree = SDKROOT; };
		F47676D81DBF55D600AB4D79 /* SystemConfiguration.framework */ = {isa = PBXFileReference; lastKnownFileType = wrapper.framework; name = SystemConfiguration.framework; path = System/Library/Frameworks/SystemConfiguration.framework; sourceTree = SDKROOT; };
		F47676DA1DBF55DF00AB4D79 /* libc++.tbd */ = {isa = PBXFileReference; lastKnownFileType = "sourcecode.text-based-dylib-definition"; name = "libc++.tbd"; path = "usr/lib/libc++.tbd"; sourceTree = SDKROOT; };
		F47676DC1DBF55EC00AB4D79 /* libz.tbd */ = {isa = PBXFileReference; lastKnownFileType = "sourcecode.text-based-dylib-definition"; name = libz.tbd; path = usr/lib/libz.tbd; sourceTree = SDKROOT; };
		F47676DE1DBF560200AB4D79 /* CFNetwork.framework */ = {isa = PBXFileReference; lastKnownFileType = wrapper.framework; name = CFNetwork.framework; path = System/Library/Frameworks/CFNetwork.framework; sourceTree = SDKROOT; };
		F47676E01DBF560900AB4D79 /* CoreFoundation.framework */ = {isa = PBXFileReference; lastKnownFileType = wrapper.framework; name = CoreFoundation.framework; path = System/Library/Frameworks/CoreFoundation.framework; sourceTree = SDKROOT; };
		F47676E21DBF561500AB4D79 /* Foundation.framework */ = {isa = PBXFileReference; lastKnownFileType = wrapper.framework; name = Foundation.framework; path = System/Library/Frameworks/Foundation.framework; sourceTree = SDKROOT; };
		F47676F01DBF5A8D00AB4D79 /* UIKit.framework */ = {isa = PBXFileReference; lastKnownFileType = wrapper.framework; name = UIKit.framework; path = System/Library/Frameworks/UIKit.framework; sourceTree = SDKROOT; };
		F47676F21DBF5AA300AB4D79 /* libsqlite3.tbd */ = {isa = PBXFileReference; lastKnownFileType = "sourcecode.text-based-dylib-definition"; name = libsqlite3.tbd; path = usr/lib/libsqlite3.tbd; sourceTree = SDKROOT; };
/* End PBXFileReference section */

/* Begin PBXFrameworksBuildPhase section */
		F47676391DBF539700AB4D79 /* Frameworks */ = {
			isa = PBXFrameworksBuildPhase;
			buildActionMask = 2147483647;
			files = (
				F47676F31DBF5AA300AB4D79 /* libsqlite3.tbd in Frameworks */,
				F47676E31DBF561500AB4D79 /* Foundation.framework in Frameworks */,
				F47676DF1DBF560200AB4D79 /* CFNetwork.framework in Frameworks */,
				F47676DD1DBF55EC00AB4D79 /* libz.tbd in Frameworks */,
				F47676DB1DBF55DF00AB4D79 /* libc++.tbd in Frameworks */,
				F47676D91DBF55D600AB4D79 /* SystemConfiguration.framework in Frameworks */,
				F47676D71DBF55D100AB4D79 /* CoreMotion.framework in Frameworks */,
				F47676D51DBF55CA00AB4D79 /* CoreTelephony.framework in Frameworks */,
				F47676D31DBF55C500AB4D79 /* CoreText.framework in Frameworks */,
				F47676C11DBF54A300AB4D79 /* libcrypto.a in Frameworks */,
				F47676C01DBF54A300AB4D79 /* AlipaySDK.framework in Frameworks */,
				F47676CB1DBF54A400AB4D79 /* libWeChatSDK.a in Frameworks */,
				F47676C21DBF54A300AB4D79 /* libssl.a in Frameworks */,
			);
			runOnlyForDeploymentPostprocessing = 0;
		};
/* End PBXFrameworksBuildPhase section */

/* Begin PBXGroup section */
		F47676331DBF539700AB4D79 = {
			isa = PBXGroup;
			children = (
				F476763E1DBF539700AB4D79 /* iii */,
				F476763D1DBF539700AB4D79 /* Products */,
				F47676CF1DBF55BE00AB4D79 /* Frameworks */,
			);
			sourceTree = "<group>";
		};
		F476763D1DBF539700AB4D79 /* Products */ = {
			isa = PBXGroup;
			children = (
				F476763C1DBF539700AB4D79 /* iii.app */,
			);
			name = Products;
			sourceTree = "<group>";
		};
		F476763E1DBF539700AB4D79 /* iii */ = {
			isa = PBXGroup;
			children = (
				F47676571DBF54A300AB4D79 /* AlipaySDK */,
				F47676BB1DBF54A300AB4D79 /* WeChatSDK */,
				F47676421DBF539700AB4D79 /* AppDelegate.h */,
				F47676431DBF539700AB4D79 /* AppDelegate.m */,
				F47676451DBF539700AB4D79 /* ViewController.h */,
				F47676461DBF539700AB4D79 /* ViewController.m */,
				F47676CC1DBF54E300AB4D79 /* Order.h */,
				F47676CD1DBF54E300AB4D79 /* Order.m */,
				F47676481DBF539700AB4D79 /* Main.storyboard */,
				F476764B1DBF539700AB4D79 /* Assets.xcassets */,
				F476764D1DBF539700AB4D79 /* LaunchScreen.storyboard */,
				F47676501DBF539700AB4D79 /* Info.plist */,
				F476763F1DBF539700AB4D79 /* Supporting Files */,
			);
			path = iii;
			sourceTree = "<group>";
		};
		F476763F1DBF539700AB4D79 /* Supporting Files */ = {
			isa = PBXGroup;
			children = (
				F47676401DBF539700AB4D79 /* main.m */,
				F47676561DBF53FF00AB4D79 /* iii-Prefix.pch */,
			);
			name = "Supporting Files";
			sourceTree = "<group>";
		};
		F47676571DBF54A300AB4D79 /* AlipaySDK */ = {
			isa = PBXGroup;
			children = (
				F47676581DBF54A300AB4D79 /* AlipaySDK.bundle */,
				F47676591DBF54A300AB4D79 /* AlipaySDK.framework */,
				F476765A1DBF54A300AB4D79 /* libcrypto.a */,
				F476765B1DBF54A300AB4D79 /* libssl.a */,
				F476765C1DBF54A300AB4D79 /* openssl */,
				F47676A81DBF54A300AB4D79 /* Util */,
			);
			path = AlipaySDK;
			sourceTree = "<group>";
		};
		F476765C1DBF54A300AB4D79 /* openssl */ = {
			isa = PBXGroup;
			children = (
				F476765D1DBF54A300AB4D79 /* aes.h */,
				F476765E1DBF54A300AB4D79 /* asn1.h */,
				F476765F1DBF54A300AB4D79 /* asn1_mac.h */,
				F47676601DBF54A300AB4D79 /* asn1t.h */,
				F47676611DBF54A300AB4D79 /* bio.h */,
				F47676621DBF54A300AB4D79 /* blowfish.h */,
				F47676631DBF54A300AB4D79 /* bn.h */,
				F47676641DBF54A300AB4D79 /* buffer.h */,
				F47676651DBF54A300AB4D79 /* camellia.h */,
				F47676661DBF54A300AB4D79 /* cast.h */,
				F47676671DBF54A300AB4D79 /* cmac.h */,
				F47676681DBF54A300AB4D79 /* cms.h */,
				F47676691DBF54A300AB4D79 /* comp.h */,
				F476766A1DBF54A300AB4D79 /* conf.h */,
				F476766B1DBF54A300AB4D79 /* conf_api.h */,
				F476766C1DBF54A300AB4D79 /* crypto.h */,
				F476766D1DBF54A300AB4D79 /* des.h */,
				F476766E1DBF54A300AB4D79 /* des_old.h */,
				F476766F1DBF54A300AB4D79 /* dh.h */,
				F47676701DBF54A300AB4D79 /* dsa.h */,
				F47676711DBF54A300AB4D79 /* dso.h */,
				F47676721DBF54A300AB4D79 /* dtls1.h */,
				F47676731DBF54A300AB4D79 /* e_os2.h */,
				F47676741DBF54A300AB4D79 /* ebcdic.h */,
				F47676751DBF54A300AB4D79 /* ec.h */,
				F47676761DBF54A300AB4D79 /* ecdh.h */,
				F47676771DBF54A300AB4D79 /* ecdsa.h */,
				F47676781DBF54A300AB4D79 /* engine.h */,
				F47676791DBF54A300AB4D79 /* err.h */,
				F476767A1DBF54A300AB4D79 /* evp.h */,
				F476767B1DBF54A300AB4D79 /* hmac.h */,
				F476767C1DBF54A300AB4D79 /* idea.h */,
				F476767D1DBF54A300AB4D79 /* krb5_asn.h */,
				F476767E1DBF54A300AB4D79 /* kssl.h */,
				F476767F1DBF54A300AB4D79 /* lhash.h */,
				F47676801DBF54A300AB4D79 /* md4.h */,
				F47676811DBF54A300AB4D79 /* md5.h */,
				F47676821DBF54A300AB4D79 /* mdc2.h */,
				F47676831DBF54A300AB4D79 /* modes.h */,
				F47676841DBF54A300AB4D79 /* obj_mac.h */,
				F47676851DBF54A300AB4D79 /* objects.h */,
				F47676861DBF54A300AB4D79 /* ocsp.h */,
				F47676871DBF54A300AB4D79 /* opensslconf.h */,
				F47676881DBF54A300AB4D79 /* opensslv.h */,
				F47676891DBF54A300AB4D79 /* ossl_typ.h */,
				F476768A1DBF54A300AB4D79 /* pem.h */,
				F476768B1DBF54A300AB4D79 /* pem2.h */,
				F476768C1DBF54A300AB4D79 /* pkcs12.h */,
				F476768D1DBF54A300AB4D79 /* pkcs7.h */,
				F476768E1DBF54A300AB4D79 /* pqueue.h */,
				F476768F1DBF54A300AB4D79 /* rand.h */,
				F47676901DBF54A300AB4D79 /* rc2.h */,
				F47676911DBF54A300AB4D79 /* rc4.h */,
				F47676921DBF54A300AB4D79 /* ripemd.h */,
				F47676931DBF54A300AB4D79 /* rsa.h */,
				F47676941DBF54A300AB4D79 /* safestack.h */,
				F47676951DBF54A300AB4D79 /* seed.h */,
				F47676961DBF54A300AB4D79 /* sha.h */,
				F47676971DBF54A300AB4D79 /* srp.h */,
				F47676981DBF54A300AB4D79 /* srtp.h */,
				F47676991DBF54A300AB4D79 /* ssl.h */,
				F476769A1DBF54A300AB4D79 /* ssl2.h */,
				F476769B1DBF54A300AB4D79 /* ssl23.h */,
				F476769C1DBF54A300AB4D79 /* ssl3.h */,
				F476769D1DBF54A300AB4D79 /* stack.h */,
				F476769E1DBF54A300AB4D79 /* symhacks.h */,
				F476769F1DBF54A300AB4D79 /* tls1.h */,
				F47676A01DBF54A300AB4D79 /* ts.h */,
				F47676A11DBF54A300AB4D79 /* txt_db.h */,
				F47676A21DBF54A300AB4D79 /* ui.h */,
				F47676A31DBF54A300AB4D79 /* ui_compat.h */,
				F47676A41DBF54A300AB4D79 /* whrlpool.h */,
				F47676A51DBF54A300AB4D79 /* x509.h */,
				F47676A61DBF54A300AB4D79 /* x509_vfy.h */,
				F47676A71DBF54A300AB4D79 /* x509v3.h */,
			);
			path = openssl;
			sourceTree = "<group>";
		};
		F47676A81DBF54A300AB4D79 /* Util */ = {
			isa = PBXGroup;
			children = (
				F47676A91DBF54A300AB4D79 /* Base64.h */,
				F47676AA1DBF54A300AB4D79 /* Base64.m */,
				F47676AB1DBF54A300AB4D79 /* Base64Defines.h */,
				F47676AC1DBF54A300AB4D79 /* config.h */,
				F47676AD1DBF54A300AB4D79 /* DataSigner.h */,
				F47676AE1DBF54A300AB4D79 /* DataSigner.m */,
				F47676AF1DBF54A300AB4D79 /* DataVerifier.h */,
				F47676B01DBF54A300AB4D79 /* DataVerifier.m */,
				F47676B11DBF54A300AB4D79 /* MD5DataSigner.h */,
				F47676B21DBF54A300AB4D79 /* MD5DataSigner.m */,
				F47676B31DBF54A300AB4D79 /* NSDataEx.h */,
				F47676B41DBF54A300AB4D79 /* NSDataEx.m */,
				F47676B51DBF54A300AB4D79 /* openssl_wrapper.h */,
				F47676B61DBF54A300AB4D79 /* openssl_wrapper.m */,
				F47676B71DBF54A300AB4D79 /* RSADataSigner.h */,
				F47676B81DBF54A300AB4D79 /* RSADataSigner.m */,
				F47676B91DBF54A300AB4D79 /* RSADataVerifier.h */,
				F47676BA1DBF54A300AB4D79 /* RSADataVerifier.m */,
			);
			path = Util;
			sourceTree = "<group>";
		};
		F47676BB1DBF54A300AB4D79 /* WeChatSDK */ = {
			isa = PBXGroup;
			children = (
				F47676BC1DBF54A300AB4D79 /* libWeChatSDK.a */,
				F47676BD1DBF54A300AB4D79 /* WXApi.h */,
				F47676BE1DBF54A300AB4D79 /* WXApiObject.h */,
			);
			path = WeChatSDK;
			sourceTree = "<group>";
		};
		F47676CF1DBF55BE00AB4D79 /* Frameworks */ = {
			isa = PBXGroup;
			children = (
				F47676F21DBF5AA300AB4D79 /* libsqlite3.tbd */,
				F47676F01DBF5A8D00AB4D79 /* UIKit.framework */,
				F47676E21DBF561500AB4D79 /* Foundation.framework */,
				F47676E01DBF560900AB4D79 /* CoreFoundation.framework */,
				F47676DE1DBF560200AB4D79 /* CFNetwork.framework */,
				F47676DC1DBF55EC00AB4D79 /* libz.tbd */,
				F47676DA1DBF55DF00AB4D79 /* libc++.tbd */,
				F47676D81DBF55D600AB4D79 /* SystemConfiguration.framework */,
				F47676D61DBF55D100AB4D79 /* CoreMotion.framework */,
				F47676D41DBF55CA00AB4D79 /* CoreTelephony.framework */,
				F47676D21DBF55C500AB4D79 /* CoreText.framework */,
				F47676D01DBF55BE00AB4D79 /* QuartzCore.framework */,
			);
			name = Frameworks;
			sourceTree = "<group>";
		};
/* End PBXGroup section */

/* Begin PBXNativeTarget section */
		F476763B1DBF539700AB4D79 /* iii */ = {
			isa = PBXNativeTarget;
			buildConfigurationList = F47676531DBF539700AB4D79 /* Build configuration list for PBXNativeTarget "iii" */;
			buildPhases = (
				F47676381DBF539700AB4D79 /* Sources */,
				F47676391DBF539700AB4D79 /* Frameworks */,
				F476763A1DBF539700AB4D79 /* Resources */,
			);
			buildRules = (
			);
			dependencies = (
			);
			name = iii;
			productName = iii;
			productReference = F476763C1DBF539700AB4D79 /* iii.app */;
			productType = "com.apple.product-type.application";
		};
/* End PBXNativeTarget section */

/* Begin PBXProject section */
		F47676341DBF539700AB4D79 /* Project object */ = {
			isa = PBXProject;
			attributes = {
				LastUpgradeCheck = 0800;
				ORGANIZATIONNAME = hw;
				TargetAttributes = {
					F476763B1DBF539700AB4D79 = {
						CreatedOnToolsVersion = 8.0;
						DevelopmentTeam = B7M2U884B6;
						ProvisioningStyle = Automatic;
					};
				};
			};
			buildConfigurationList = F47676371DBF539700AB4D79 /* Build configuration list for PBXProject "iii" */;
			compatibilityVersion = "Xcode 3.2";
			developmentRegion = English;
			hasScannedForEncodings = 0;
			knownRegions = (
				en,
				Base,
			);
			mainGroup = F47676331DBF539700AB4D79;
			productRefGroup = F476763D1DBF539700AB4D79 /* Products */;
			projectDirPath = "";
			projectRoot = "";
			targets = (
				F476763B1DBF539700AB4D79 /* iii */,
			);
		};
/* End PBXProject section */

/* Begin PBXResourcesBuildPhase section */
		F476763A1DBF539700AB4D79 /* Resources */ = {
			isa = PBXResourcesBuildPhase;
			buildActionMask = 2147483647;
			files = (
				F476764F1DBF539700AB4D79 /* LaunchScreen.storyboard in Resources */,
				F476764C1DBF539700AB4D79 /* Assets.xcassets in Resources */,
				F47676BF1DBF54A300AB4D79 /* AlipaySDK.bundle in Resources */,
				F476764A1DBF539700AB4D79 /* Main.storyboard in Resources */,
			);
			runOnlyForDeploymentPostprocessing = 0;
		};
/* End PBXResourcesBuildPhase section */

/* Begin PBXSourcesBuildPhase section */
		F47676381DBF539700AB4D79 /* Sources */ = {
			isa = PBXSourcesBuildPhase;
			buildActionMask = 2147483647;
			files = (
				F47676C31DBF54A300AB4D79 /* Base64.m in Sources */,
				F47676471DBF539700AB4D79 /* ViewController.m in Sources */,
				F47676C91DBF54A400AB4D79 /* RSADataSigner.m in Sources */,
				F47676C81DBF54A400AB4D79 /* openssl_wrapper.m in Sources */,
				F47676C41DBF54A300AB4D79 /* DataSigner.m in Sources */,
				F47676CA1DBF54A400AB4D79 /* RSADataVerifier.m in Sources */,
				F47676CE1DBF54E300AB4D79 /* Order.m in Sources */,
				F47676C51DBF54A300AB4D79 /* DataVerifier.m in Sources */,
				F47676441DBF539700AB4D79 /* AppDelegate.m in Sources */,
				F47676C71DBF54A300AB4D79 /* NSDataEx.m in Sources */,
				F47676C61DBF54A300AB4D79 /* MD5DataSigner.m in Sources */,
				F47676411DBF539700AB4D79 /* main.m in Sources */,
			);
			runOnlyForDeploymentPostprocessing = 0;
		};
/* End PBXSourcesBuildPhase section */

/* Begin PBXVariantGroup section */
		F47676481DBF539700AB4D79 /* Main.storyboard */ = {
			isa = PBXVariantGroup;
			children = (
				F47676491DBF539700AB4D79 /* Base */,
			);
			name = Main.storyboard;
			sourceTree = "<group>";
		};
		F476764D1DBF539700AB4D79 /* LaunchScreen.storyboard */ = {
			isa = PBXVariantGroup;
			children = (
				F476764E1DBF539700AB4D79 /* Base */,
			);
			name = LaunchScreen.storyboard;
			sourceTree = "<group>";
		};
/* End PBXVariantGroup section */

/* Begin XCBuildConfiguration section */
		F47676511DBF539700AB4D79 /* Debug */ = {
			isa = XCBuildConfiguration;
			buildSettings = {
				ALWAYS_SEARCH_USER_PATHS = NO;
				CLANG_ANALYZER_NONNULL = YES;
				CLANG_CXX_LANGUAGE_STANDARD = "gnu++0x";
				CLANG_CXX_LIBRARY = "libc++";
				CLANG_ENABLE_MODULES = YES;
				CLANG_ENABLE_OBJC_ARC = YES;
				CLANG_WARN_BOOL_CONVERSION = YES;
				CLANG_WARN_CONSTANT_CONVERSION = YES;
				CLANG_WARN_DIRECT_OBJC_ISA_USAGE = YES_ERROR;
				CLANG_WARN_DOCUMENTATION_COMMENTS = YES;
				CLANG_WARN_EMPTY_BODY = YES;
				CLANG_WARN_ENUM_CONVERSION = YES;
				CLANG_WARN_INFINITE_RECURSION = YES;
				CLANG_WARN_INT_CONVERSION = YES;
				CLANG_WARN_OBJC_ROOT_CLASS = YES_ERROR;
				CLANG_WARN_SUSPICIOUS_MOVES = YES;
				CLANG_WARN_UNREACHABLE_CODE = YES;
				CLANG_WARN__DUPLICATE_METHOD_MATCH = YES;
				"CODE_SIGN_IDENTITY[sdk=iphoneos*]" = "iPhone Developer";
				COPY_PHASE_STRIP = NO;
				DEBUG_INFORMATION_FORMAT = dwarf;
				ENABLE_STRICT_OBJC_MSGSEND = YES;
				ENABLE_TESTABILITY = YES;
				GCC_C_LANGUAGE_STANDARD = gnu99;
				GCC_DYNAMIC_NO_PIC = NO;
				GCC_NO_COMMON_BLOCKS = YES;
				GCC_OPTIMIZATION_LEVEL = 0;
				GCC_PREPROCESSOR_DEFINITIONS = (
					"DEBUG=1",
					"$(inherited)",
				);
				GCC_WARN_64_TO_32_BIT_CONVERSION = YES;
				GCC_WARN_ABOUT_RETURN_TYPE = YES_ERROR;
				GCC_WARN_UNDECLARED_SELECTOR = YES;
				GCC_WARN_UNINITIALIZED_AUTOS = YES_AGGRESSIVE;
				GCC_WARN_UNUSED_FUNCTION = YES;
				GCC_WARN_UNUSED_VARIABLE = YES;
				IPHONEOS_DEPLOYMENT_TARGET = 10.0;
				MTL_ENABLE_DEBUG_INFO = YES;
				ONLY_ACTIVE_ARCH = YES;
				SDKROOT = iphoneos;
			};
			name = Debug;
		};
		F47676521DBF539700AB4D79 /* Release */ = {
			isa = XCBuildConfiguration;
			buildSettings = {
				ALWAYS_SEARCH_USER_PATHS = NO;
				CLANG_ANALYZER_NONNULL = YES;
				CLANG_CXX_LANGUAGE_STANDARD = "gnu++0x";
				CLANG_CXX_LIBRARY = "libc++";
				CLANG_ENABLE_MODULES = YES;
				CLANG_ENABLE_OBJC_ARC = YES;
				CLANG_WARN_BOOL_CONVERSION = YES;
				CLANG_WARN_CONSTANT_CONVERSION = YES;
				CLANG_WARN_DIRECT_OBJC_ISA_USAGE = YES_ERROR;
				CLANG_WARN_DOCUMENTATION_COMMENTS = YES;
				CLANG_WARN_EMPTY_BODY = YES;
				CLANG_WARN_ENUM_CONVERSION = YES;
				CLANG_WARN_INFINITE_RECURSION = YES;
				CLANG_WARN_INT_CONVERSION = YES;
				CLANG_WARN_OBJC_ROOT_CLASS = YES_ERROR;
				CLANG_WARN_SUSPICIOUS_MOVES = YES;
				CLANG_WARN_UNREACHABLE_CODE = YES;
				CLANG_WARN__DUPLICATE_METHOD_MATCH = YES;
				"CODE_SIGN_IDENTITY[sdk=iphoneos*]" = "iPhone Developer";
				COPY_PHASE_STRIP = NO;
				DEBUG_INFORMATION_FORMAT = "dwarf-with-dsym";
				ENABLE_NS_ASSERTIONS = NO;
				ENABLE_STRICT_OBJC_MSGSEND = YES;
				GCC_C_LANGUAGE_STANDARD = gnu99;
				GCC_NO_COMMON_BLOCKS = YES;
				GCC_WARN_64_TO_32_BIT_CONVERSION = YES;
				GCC_WARN_ABOUT_RETURN_TYPE = YES_ERROR;
				GCC_WARN_UNDECLARED_SELECTOR = YES;
				GCC_WARN_UNINITIALIZED_AUTOS = YES_AGGRESSIVE;
				GCC_WARN_UNUSED_FUNCTION = YES;
				GCC_WARN_UNUSED_VARIABLE = YES;
				IPHONEOS_DEPLOYMENT_TARGET = 10.0;
				MTL_ENABLE_DEBUG_INFO = NO;
				SDKROOT = iphoneos;
				VALIDATE_PRODUCT = YES;
			};
			name = Release;
		};
		F47676541DBF539700AB4D79 /* Debug */ = {
			isa = XCBuildConfiguration;
			buildSettings = {
				ASSETCATALOG_COMPILER_APPICON_NAME = AppIcon;
				DEVELOPMENT_TEAM = B7M2U884B6;
				FRAMEWORK_SEARCH_PATHS = (
					"$(inherited)",
					"$(PROJECT_DIR)/iii/AlipaySDK",
				);
				GCC_INPUT_FILETYPE = automatic;
				GCC_PRECOMPILE_PREFIX_HEADER = YES;
				GCC_PREFIX_HEADER = "iii/iii-Prefix.pch";
				HEADER_SEARCH_PATHS = "$(PROJECT_DIR)/iii/AlipaySDK";
				INFOPLIST_FILE = iii/Info.plist;
				IPHONEOS_DEPLOYMENT_TARGET = 8.0;
				LD_RUNPATH_SEARCH_PATHS = "$(inherited) @executable_path/Frameworks";
				LIBRARY_SEARCH_PATHS = (
					"$(inherited)",
					"$(PROJECT_DIR)/iii/AlipaySDK",
					"$(PROJECT_DIR)/iii/WeChatSDK",
				);
				PRODUCT_BUNDLE_IDENTIFIER = com.hw.iii;
				PRODUCT_NAME = "$(TARGET_NAME)";
			};
			name = Debug;
		};
		F47676551DBF539700AB4D79 /* Release */ = {
			isa = XCBuildConfiguration;
			buildSettings = {
				ASSETCATALOG_COMPILER_APPICON_NAME = AppIcon;
				DEVELOPMENT_TEAM = B7M2U884B6;
				FRAMEWORK_SEARCH_PATHS = (
					"$(inherited)",
					"$(PROJECT_DIR)/iii/AlipaySDK",
				);
				GCC_INPUT_FILETYPE = automatic;
				GCC_PRECOMPILE_PREFIX_HEADER = YES;
				GCC_PREFIX_HEADER = "iii/iii-Prefix.pch";
				HEADER_SEARCH_PATHS = "$(PROJECT_DIR)/iii/AlipaySDK";
				INFOPLIST_FILE = iii/Info.plist;
				IPHONEOS_DEPLOYMENT_TARGET = 8.0;
				LD_RUNPATH_SEARCH_PATHS = "$(inherited) @executable_path/Frameworks";
				LIBRARY_SEARCH_PATHS = (
					"$(inherited)",
					"$(PROJECT_DIR)/iii/AlipaySDK",
					"$(PROJECT_DIR)/iii/WeChatSDK",
				);
				PRODUCT_BUNDLE_IDENTIFIER = com.hw.iii;
				PRODUCT_NAME = "$(TARGET_NAME)";
			};
			name = Release;
		};
/* End XCBuildConfiguration section */

/* Begin XCConfigurationList section */
		F47676371DBF539700AB4D79 /* Build configuration list for PBXProject "iii" */ = {
			isa = XCConfigurationList;
			buildConfigurations = (
				F47676511DBF539700AB4D79 /* Debug */,
				F47676521DBF539700AB4D79 /* Release */,
			);
			defaultConfigurationIsVisible = 0;
			defaultConfigurationName = Release;
		};
		F47676531DBF539700AB4D79 /* Build configuration list for PBXNativeTarget "iii" */ = {
			isa = XCConfigurationList;
			buildConfigurations = (
				F47676541DBF539700AB4D79 /* Debug */,
				F47676551DBF539700AB4D79 /* Release */,
			);
			defaultConfigurationIsVisible = 0;
			defaultConfigurationName = Release;
		};
/* End XCConfigurationList section */
	};
	rootObject = F47676341DBF539700AB4D79 /* Project object */;
}
